
Microsoft Visual Studio Solution File, Format Version 12.00
# Visual Studio Version 17
VisualStudioVersion = 17.0.31903.59
MinimumVisualStudioVersion = 10.0.40219.1
Project("{2150E333-8FDC-42A3-9474-1A3956D46DE8}") = "src", "src", "{6A0A15A8-24ED-4455-89DB-03388EE6E03E}"
EndProject
Project("{2150E333-8FDC-42A3-9474-1A3956D46DE8}") = "test", "test", "{A49363DA-DAF3-4267-A9A5-5DD0BF7F445A}"
EndProject
Project("{2150E333-8FDC-42A3-9474-1A3956D46DE8}") = "TSL.API", "TSL.API", "{BE5F6980-87EE-4978-8FE0-76EA43AA3CA3}"
EndProject
Project("{2150E333-8FDC-42A3-9474-1A3956D46DE8}") = "TSL.Core", "TSL.Core", "{F750ACED-8113-4707-9A5D-FA2852EDF338}"
EndProject
Project("{2150E333-8FDC-42A3-9474-1A3956D46DE8}") = "TSL.Infrastructure", "TSL.Infrastructure", "{7F707336-0D80-4DF6-B4B4-58AA759DEEBF}"
EndProject
Project("{2150E333-8FDC-42A3-9474-1A3956D46DE8}") = "Tracker", "Tracker", "{15A03E78-D1F6-4C39-BE2A-B657C20989C5}"
EndProject
Project("{2150E333-8FDC-42A3-9474-1A3956D46DE8}") = "Tracker", "Tracker", "{68765CEE-E841-42E7-924A-78534920013D}"
EndProject
Project("{FAE04EC0-301F-11D3-BF4B-00C04F79EFBC}") = "TLS.Infrastructure", "TLS.Infrastructure\TLS.Infrastructure.csproj", "{A20AEE02-FEAC-424A-A2EF-CB525919D99D}"
EndProject
Project("{FAE04EC0-301F-11D3-BF4B-00C04F79EFBC}") = "TSL.Persistence", "TSL.Persistence\TSL.Persistence.csproj", "{98C684B8-C232-4F06-88B5-077BD365CB74}"
EndProject
Project("{FAE04EC0-301F-11D3-BF4B-00C04F79EFBC}") = "Tracker.Application", "Tracker.Application\Tracker.Application.csproj", "{69362586-B8D1-451C-9C8A-C56F908A8D3E}"
EndProject
Project("{FAE04EC0-301F-11D3-BF4B-00C04F79EFBC}") = "Tracker.Domain", "Tracker.Domain\Tracker.Domain.csproj", "{5104137B-3D38-46AA-B728-679C51B3AD53}"
EndProject
Project("{FAE04EC0-301F-11D3-BF4B-00C04F79EFBC}") = "Tracker.API", "Tracker.API\Tracker.API.csproj", "{43DDEAC0-0612-4150-B1C7-68F5C1F3C81C}"
EndProject
Global
	GlobalSection(SolutionConfigurationPlatforms) = preSolution
		Debug|Any CPU = Debug|Any CPU
		Release|Any CPU = Release|Any CPU
	EndGlobalSection
	GlobalSection(ProjectConfigurationPlatforms) = postSolution
		{A20AEE02-FEAC-424A-A2EF-CB525919D99D}.Debug|Any CPU.ActiveCfg = Debug|Any CPU
		{A20AEE02-FEAC-424A-A2EF-CB525919D99D}.Debug|Any CPU.Build.0 = Debug|Any CPU
		{A20AEE02-FEAC-424A-A2EF-CB525919D99D}.Release|Any CPU.ActiveCfg = Release|Any CPU
		{A20AEE02-FEAC-424A-A2EF-CB525919D99D}.Release|Any CPU.Build.0 = Release|Any CPU
		{98C684B8-C232-4F06-88B5-077BD365CB74}.Debug|Any CPU.ActiveCfg = Debug|Any CPU
		{98C684B8-C232-4F06-88B5-077BD365CB74}.Debug|Any CPU.Build.0 = Debug|Any CPU
		{98C684B8-C232-4F06-88B5-077BD365CB74}.Release|Any CPU.ActiveCfg = Release|Any CPU
		{98C684B8-C232-4F06-88B5-077BD365CB74}.Release|Any CPU.Build.0 = Release|Any CPU
		{69362586-B8D1-451C-9C8A-C56F908A8D3E}.Debug|Any CPU.ActiveCfg = Debug|Any CPU
		{69362586-B8D1-451C-9C8A-C56F908A8D3E}.Debug|Any CPU.Build.0 = Debug|Any CPU
		{69362586-B8D1-451C-9C8A-C56F908A8D3E}.Release|Any CPU.ActiveCfg = Release|Any CPU
		{69362586-B8D1-451C-9C8A-C56F908A8D3E}.Release|Any CPU.Build.0 = Release|Any CPU
		{5104137B-3D38-46AA-B728-679C51B3AD53}.Debug|Any CPU.ActiveCfg = Debug|Any CPU
		{5104137B-3D38-46AA-B728-679C51B3AD53}.Debug|Any CPU.Build.0 = Debug|Any CPU
		{5104137B-3D38-46AA-B728-679C51B3AD53}.Release|Any CPU.ActiveCfg = Release|Any CPU
		{5104137B-3D38-46AA-B728-679C51B3AD53}.Release|Any CPU.Build.0 = Release|Any CPU
		{43DDEAC0-0612-4150-B1C7-68F5C1F3C81C}.Debug|Any CPU.ActiveCfg = Debug|Any CPU
		{43DDEAC0-0612-4150-B1C7-68F5C1F3C81C}.Debug|Any CPU.Build.0 = Debug|Any CPU
		{43DDEAC0-0612-4150-B1C7-68F5C1F3C81C}.Release|Any CPU.ActiveCfg = Release|Any CPU
		{43DDEAC0-0612-4150-B1C7-68F5C1F3C81C}.Release|Any CPU.Build.0 = Release|Any CPU
	EndGlobalSection
	GlobalSection(SolutionProperties) = preSolution
		HideSolutionNode = FALSE
	EndGlobalSection
	GlobalSection(NestedProjects) = preSolution
		{BE5F6980-87EE-4978-8FE0-76EA43AA3CA3} = {6A0A15A8-24ED-4455-89DB-03388EE6E03E}
		{F750ACED-8113-4707-9A5D-FA2852EDF338} = {6A0A15A8-24ED-4455-89DB-03388EE6E03E}
		{7F707336-0D80-4DF6-B4B4-58AA759DEEBF} = {6A0A15A8-24ED-4455-89DB-03388EE6E03E}
		{15A03E78-D1F6-4C39-BE2A-B657C20989C5} = {BE5F6980-87EE-4978-8FE0-76EA43AA3CA3}
		{68765CEE-E841-42E7-924A-78534920013D} = {F750ACED-8113-4707-9A5D-FA2852EDF338}
		{A20AEE02-FEAC-424A-A2EF-CB525919D99D} = {7F707336-0D80-4DF6-B4B4-58AA759DEEBF}
		{98C684B8-C232-4F06-88B5-077BD365CB74} = {7F707336-0D80-4DF6-B4B4-58AA759DEEBF}
		{69362586-B8D1-451C-9C8A-C56F908A8D3E} = {68765CEE-E841-42E7-924A-78534920013D}
		{5104137B-3D38-46AA-B728-679C51B3AD53} = {68765CEE-E841-42E7-924A-78534920013D}
		{43DDEAC0-0612-4150-B1C7-68F5C1F3C81C} = {15A03E78-D1F6-4C39-BE2A-B657C20989C5}
	EndGlobalSection
	GlobalSection(ExtensibilityGlobals) = postSolution
		SolutionGuid = {50BEE58F-BC2B-4784-8235-36DD66921866}
	EndGlobalSection
EndGlobal
